
Microsoft Visual Studio Solution File, Format Version 12.00
# Visual Studio Version 16
VisualStudioVersion = 16.0.29025.244
MinimumVisualStudioVersion = 10.0.40219.1
Project("{FAE04EC0-301F-11D3-BF4B-00C04F79EFBC}") = "SeleniumWebAutomation", "SeleniumWebAutomation\SeleniumWebAutomation.csproj", "{952F82D6-8D1A-4D32-888E-CA5EF7494EB1}"
EndProject
Project("{FAE04EC0-301F-11D3-BF4B-00C04F79EFBC}") = "Selenium.Web", "Selenium.Web\Selenium.Web.csproj", "{6446D7EC-E83B-45B9-BB5B-9574EC49B25B}"
EndProject
Global
	GlobalSection(SolutionConfigurationPlatforms) = preSolution
		Debug|Any CPU = Debug|Any CPU
		Release|Any CPU = Release|Any CPU
	EndGlobalSection
	GlobalSection(ProjectConfigurationPlatforms) = postSolution
		{952F82D6-8D1A-4D32-888E-CA5EF7494EB1}.Debug|Any CPU.ActiveCfg = Debug|Any CPU
		{952F82D6-8D1A-4D32-888E-CA5EF7494EB1}.Debug|Any CPU.Build.0 = Debug|Any CPU
		{952F82D6-8D1A-4D32-888E-CA5EF7494EB1}.Release|Any CPU.ActiveCfg = Release|Any CPU
		{952F82D6-8D1A-4D32-888E-CA5EF7494EB1}.Release|Any CPU.Build.0 = Release|Any CPU
		{6446D7EC-E83B-45B9-BB5B-9574EC49B25B}.Debug|Any CPU.ActiveCfg = Debug|Any CPU
		{6446D7EC-E83B-45B9-BB5B-9574EC49B25B}.Debug|Any CPU.Build.0 = Debug|Any CPU
		{6446D7EC-E83B-45B9-BB5B-9574EC49B25B}.Release|Any CPU.ActiveCfg = Release|Any CPU
		{6446D7EC-E83B-45B9-BB5B-9574EC49B25B}.Release|Any CPU.Build.0 = Release|Any CPU
	EndGlobalSection
	GlobalSection(SolutionProperties) = preSolution
		HideSolutionNode = FALSE
	EndGlobalSection
	GlobalSection(ExtensibilityGlobals) = postSolution
		SolutionGuid = {6A340FF3-718F-4D35-9BFB-B24B811CDCC0}
	EndGlobalSection
EndGlobal
