
Microsoft Visual Studio Solution File, Format Version 12.00
# Visual Studio Version 17
VisualStudioVersion = 17.0.32014.148
MinimumVisualStudioVersion = 10.0.40219.1
Project("{9A19103F-16F7-4668-BE54-9A1E7A4F7556}") = "AutomationExamplesForTest", "AutomationExamplesForTest\AutomationExamplesForTest.csproj", "{E7CCD4D2-635F-4758-B0DA-6C71845BA301}"
EndProject
Project("{9A19103F-16F7-4668-BE54-9A1E7A4F7556}") = "AutomationExample.Web", "AutomationExample.Web\AutomationExample.Web.csproj", "{312545D2-6021-48CD-A6A0-C8789CC1DF8B}"
EndProject
Project("{FAE04EC0-301F-11D3-BF4B-00C04F79EFBC}") = "AutomationExample.cmd", "AutomationExample.cmd\AutomationExample.cmd.csproj", "{486CCDCC-C958-4006-A327-B0763DABFADE}"
EndProject
Global
	GlobalSection(SolutionConfigurationPlatforms) = preSolution
		Debug|Any CPU = Debug|Any CPU
		Release|Any CPU = Release|Any CPU
	EndGlobalSection
	GlobalSection(ProjectConfigurationPlatforms) = postSolution
		{E7CCD4D2-635F-4758-B0DA-6C71845BA301}.Debug|Any CPU.ActiveCfg = Debug|Any CPU
		{E7CCD4D2-635F-4758-B0DA-6C71845BA301}.Debug|Any CPU.Build.0 = Debug|Any CPU
		{E7CCD4D2-635F-4758-B0DA-6C71845BA301}.Release|Any CPU.ActiveCfg = Release|Any CPU
		{E7CCD4D2-635F-4758-B0DA-6C71845BA301}.Release|Any CPU.Build.0 = Release|Any CPU
		{312545D2-6021-48CD-A6A0-C8789CC1DF8B}.Debug|Any CPU.ActiveCfg = Debug|Any CPU
		{312545D2-6021-48CD-A6A0-C8789CC1DF8B}.Debug|Any CPU.Build.0 = Debug|Any CPU
		{312545D2-6021-48CD-A6A0-C8789CC1DF8B}.Release|Any CPU.ActiveCfg = Release|Any CPU
		{312545D2-6021-48CD-A6A0-C8789CC1DF8B}.Release|Any CPU.Build.0 = Release|Any CPU
		{486CCDCC-C958-4006-A327-B0763DABFADE}.Debug|Any CPU.ActiveCfg = Debug|Any CPU
		{486CCDCC-C958-4006-A327-B0763DABFADE}.Debug|Any CPU.Build.0 = Debug|Any CPU
		{486CCDCC-C958-4006-A327-B0763DABFADE}.Release|Any CPU.ActiveCfg = Release|Any CPU
		{486CCDCC-C958-4006-A327-B0763DABFADE}.Release|Any CPU.Build.0 = Release|Any CPU
	EndGlobalSection
	GlobalSection(SolutionProperties) = preSolution
		HideSolutionNode = FALSE
	EndGlobalSection
	GlobalSection(ExtensibilityGlobals) = postSolution
		SolutionGuid = {C5A1BFCE-EF48-4E8F-82C1-FA11AA8EB816}
	EndGlobalSection
EndGlobal
