
Microsoft Visual Studio Solution File, Format Version 12.00
# Visual Studio Version 17
VisualStudioVersion = 17.0.32014.148
MinimumVisualStudioVersion = 10.0.40219.1
Project("{FAE04EC0-301F-11D3-BF4B-00C04F79EFBC}") = "AutomationExamplesForTest", "AutomationExamplesForTest\AutomationExamplesForTest.csproj", "{E7CCD4D2-635F-4758-B0DA-6C71845BA301}"
EndProject
Project("{FAE04EC0-301F-11D3-BF4B-00C04F79EFBC}") = "SeleniumAutomation", "SeleniumAutomation\SeleniumAutomation.csproj", "{9EB1D930-C4C3-4AEA-96B1-51A39E442B5D}"
EndProject
Project("{FAE04EC0-301F-11D3-BF4B-00C04F79EFBC}") = "ApiAutomation", "ApiAutomation\ApiAutomation.csproj", "{00F91A14-710A-46A5-8E16-EF065BB6CD59}"
EndProject
Global
	GlobalSection(SolutionConfigurationPlatforms) = preSolution
		Debug|Any CPU = Debug|Any CPU
		Release|Any CPU = Release|Any CPU
	EndGlobalSection
	GlobalSection(ProjectConfigurationPlatforms) = postSolution
		{E7CCD4D2-635F-4758-B0DA-6C71845BA301}.Debug|Any CPU.ActiveCfg = Debug|Any CPU
		{E7CCD4D2-635F-4758-B0DA-6C71845BA301}.Debug|Any CPU.Build.0 = Debug|Any CPU
		{E7CCD4D2-635F-4758-B0DA-6C71845BA301}.Release|Any CPU.ActiveCfg = Release|Any CPU
		{E7CCD4D2-635F-4758-B0DA-6C71845BA301}.Release|Any CPU.Build.0 = Release|Any CPU
		{9EB1D930-C4C3-4AEA-96B1-51A39E442B5D}.Debug|Any CPU.ActiveCfg = Debug|Any CPU
		{9EB1D930-C4C3-4AEA-96B1-51A39E442B5D}.Debug|Any CPU.Build.0 = Debug|Any CPU
		{9EB1D930-C4C3-4AEA-96B1-51A39E442B5D}.Release|Any CPU.ActiveCfg = Release|Any CPU
		{9EB1D930-C4C3-4AEA-96B1-51A39E442B5D}.Release|Any CPU.Build.0 = Release|Any CPU
		{00F91A14-710A-46A5-8E16-EF065BB6CD59}.Debug|Any CPU.ActiveCfg = Debug|Any CPU
		{00F91A14-710A-46A5-8E16-EF065BB6CD59}.Debug|Any CPU.Build.0 = Debug|Any CPU
		{00F91A14-710A-46A5-8E16-EF065BB6CD59}.Release|Any CPU.ActiveCfg = Release|Any CPU
		{00F91A14-710A-46A5-8E16-EF065BB6CD59}.Release|Any CPU.Build.0 = Release|Any CPU
	EndGlobalSection
	GlobalSection(SolutionProperties) = preSolution
		HideSolutionNode = FALSE
	EndGlobalSection
	GlobalSection(ExtensibilityGlobals) = postSolution
		SolutionGuid = {C5A1BFCE-EF48-4E8F-82C1-FA11AA8EB816}
	EndGlobalSection
EndGlobal
